
Microsoft Visual Studio Solution File, Format Version 12.00
# Visual Studio Version 16
VisualStudioVersion = 16.0.30804.86
MinimumVisualStudioVersion = 10.0.40219.1
Project("{FAE04EC0-301F-11D3-BF4B-00C04F79EFBC}") = "DIO.Bank", "DIO.Bank\DIO.Bank.csproj", "{35805640-3BAA-4B53-A8DD-80BBA863D07A}"
EndProject
Global
	GlobalSection(SolutionConfigurationPlatforms) = preSolution
		Debug|Any CPU = Debug|Any CPU
		Release|Any CPU = Release|Any CPU
	EndGlobalSection
	GlobalSection(ProjectConfigurationPlatforms) = postSolution
		{35805640-3BAA-4B53-A8DD-80BBA863D07A}.Debug|Any CPU.ActiveCfg = Debug|Any CPU
		{35805640-3BAA-4B53-A8DD-80BBA863D07A}.Debug|Any CPU.Build.0 = Debug|Any CPU
		{35805640-3BAA-4B53-A8DD-80BBA863D07A}.Release|Any CPU.ActiveCfg = Release|Any CPU
		{35805640-3BAA-4B53-A8DD-80BBA863D07A}.Release|Any CPU.Build.0 = Release|Any CPU
	EndGlobalSection
	GlobalSection(SolutionProperties) = preSolution
		HideSolutionNode = FALSE
	EndGlobalSection
	GlobalSection(ExtensibilityGlobals) = postSolution
		SolutionGuid = {72B99CD3-3402-46B0-9F13-4BBEEEF2D4A4}
	EndGlobalSection
EndGlobal
